
Microsoft Visual Studio Solution File, Format Version 12.00
# Visual Studio Version 17
VisualStudioVersion = 17.5.002.0
MinimumVisualStudioVersion = 10.0.40219.1
Project("{9A19103F-16F7-4668-BE54-9A1E7A4F7556}") = "ConsoleShifratorApp", "ConsoleShifratorApp.csproj", "{68E7BC20-1B17-497C-8B6C-3ACBDED91DDE}"
EndProject
Global
	GlobalSection(SolutionConfigurationPlatforms) = preSolution
		Debug|Any CPU = Debug|Any CPU
		Release|Any CPU = Release|Any CPU
	EndGlobalSection
	GlobalSection(ProjectConfigurationPlatforms) = postSolution
		{68E7BC20-1B17-497C-8B6C-3ACBDED91DDE}.Debug|Any CPU.ActiveCfg = Debug|Any CPU
		{68E7BC20-1B17-497C-8B6C-3ACBDED91DDE}.Debug|Any CPU.Build.0 = Debug|Any CPU
		{68E7BC20-1B17-497C-8B6C-3ACBDED91DDE}.Release|Any CPU.ActiveCfg = Release|Any CPU
		{68E7BC20-1B17-497C-8B6C-3ACBDED91DDE}.Release|Any CPU.Build.0 = Release|Any CPU
	EndGlobalSection
	GlobalSection(SolutionProperties) = preSolution
		HideSolutionNode = FALSE
	EndGlobalSection
	GlobalSection(ExtensibilityGlobals) = postSolution
		SolutionGuid = {33A2CE9E-C09D-4AA7-BAFD-DA9E9714A3AC}
	EndGlobalSection
EndGlobal
