
Microsoft Visual Studio Solution File, Format Version 12.00
# Visual Studio Version 17
VisualStudioVersion = 17.8.34330.188
MinimumVisualStudioVersion = 10.0.40219.1
Project("{FAE04EC0-301F-11D3-BF4B-00C04F79EFBC}") = "ClassLibraryGameEngineLife", "ClassLibraryGameEngineLife.csproj", "{F1F61CEC-3801-4F84-976C-54C40CF8B67D}"
EndProject
Global
	GlobalSection(SolutionConfigurationPlatforms) = preSolution
		Debug|Any CPU = Debug|Any CPU
		Release|Any CPU = Release|Any CPU
	EndGlobalSection
	GlobalSection(ProjectConfigurationPlatforms) = postSolution
		{F1F61CEC-3801-4F84-976C-54C40CF8B67D}.Debug|Any CPU.ActiveCfg = Debug|Any CPU
		{F1F61CEC-3801-4F84-976C-54C40CF8B67D}.Debug|Any CPU.Build.0 = Debug|Any CPU
		{F1F61CEC-3801-4F84-976C-54C40CF8B67D}.Release|Any CPU.ActiveCfg = Release|Any CPU
		{F1F61CEC-3801-4F84-976C-54C40CF8B67D}.Release|Any CPU.Build.0 = Release|Any CPU
	EndGlobalSection
	GlobalSection(SolutionProperties) = preSolution
		HideSolutionNode = FALSE
	EndGlobalSection
	GlobalSection(ExtensibilityGlobals) = postSolution
		SolutionGuid = {3FA03B7D-597B-4995-9924-4D54C53C02B9}
	EndGlobalSection
EndGlobal
