
Microsoft Visual Studio Solution File, Format Version 12.00
# Visual Studio Version 17
VisualStudioVersion = 17.8.34330.188
MinimumVisualStudioVersion = 10.0.40219.1
Project("{FAE04EC0-301F-11D3-BF4B-00C04F79EFBC}") = "ConsoleBanApp", "ConsoleBanApp.csproj", "{44FF6A3B-755C-4E07-BDFA-83D8C0593448}"
EndProject
Global
	GlobalSection(SolutionConfigurationPlatforms) = preSolution
		Debug|Any CPU = Debug|Any CPU
		Release|Any CPU = Release|Any CPU
	EndGlobalSection
	GlobalSection(ProjectConfigurationPlatforms) = postSolution
		{44FF6A3B-755C-4E07-BDFA-83D8C0593448}.Debug|Any CPU.ActiveCfg = Debug|Any CPU
		{44FF6A3B-755C-4E07-BDFA-83D8C0593448}.Debug|Any CPU.Build.0 = Debug|Any CPU
		{44FF6A3B-755C-4E07-BDFA-83D8C0593448}.Release|Any CPU.ActiveCfg = Release|Any CPU
		{44FF6A3B-755C-4E07-BDFA-83D8C0593448}.Release|Any CPU.Build.0 = Release|Any CPU
	EndGlobalSection
	GlobalSection(SolutionProperties) = preSolution
		HideSolutionNode = FALSE
	EndGlobalSection
	GlobalSection(ExtensibilityGlobals) = postSolution
		SolutionGuid = {AE6FBB1D-CD6C-4004-BB60-FB903F5C865C}
	EndGlobalSection
EndGlobal
