
Microsoft Visual Studio Solution File, Format Version 12.00
# Visual Studio Version 17
VisualStudioVersion = 17.8.34330.188
MinimumVisualStudioVersion = 10.0.40219.1
Project("{FAE04EC0-301F-11D3-BF4B-00C04F79EFBC}") = "WindowsFormsAppCalculateLab7", "WindowsFormsAppCalculateLab7.csproj", "{C8526440-A749-4496-940E-8C4757E2B17A}"
EndProject
Global
	GlobalSection(SolutionConfigurationPlatforms) = preSolution
		Debug|Any CPU = Debug|Any CPU
		Release|Any CPU = Release|Any CPU
	EndGlobalSection
	GlobalSection(ProjectConfigurationPlatforms) = postSolution
		{C8526440-A749-4496-940E-8C4757E2B17A}.Debug|Any CPU.ActiveCfg = Debug|Any CPU
		{C8526440-A749-4496-940E-8C4757E2B17A}.Debug|Any CPU.Build.0 = Debug|Any CPU
		{C8526440-A749-4496-940E-8C4757E2B17A}.Release|Any CPU.ActiveCfg = Release|Any CPU
		{C8526440-A749-4496-940E-8C4757E2B17A}.Release|Any CPU.Build.0 = Release|Any CPU
	EndGlobalSection
	GlobalSection(SolutionProperties) = preSolution
		HideSolutionNode = FALSE
	EndGlobalSection
	GlobalSection(ExtensibilityGlobals) = postSolution
		SolutionGuid = {DEC034CC-7D9C-411E-8E29-66EC03922769}
	EndGlobalSection
EndGlobal
