{
    "_meta": {
        "hash": {
            "sha256": "ee57b1cc191764bdfed104af6f6a33273c4e27f24071dd9e4dc56bf10a87a586"
        },
        "pipfile-spec": 6,
        "requires": {
            "python_version": "3.11"
        },
        "sources": [
            {
                "name": "pypi",
                "url": "https://pypi.org/simple",
                "verify_ssl": true
            }
        ]
    },
    "default": {
        "art": {
            "hashes": [
                "sha256:506a0c4f261289a0e0d088de7beffcb1835078c4e44b0c5353bdaf47b490e76f",
                "sha256:d632d1d3f5fabcaf8673abe934b51df0017bc914d106e89d45ae4ebef0e3149a"
            ],
            "index": "pypi",
            "markers": "python_version >= '3.5'",
            "version": "==6.2"
        },
        "config": {
            "hashes": [
                "sha256:2dd4a03aa383d30711d5a3325a1858de225328d61950a85be5b74c100f63016d",
                "sha256:79ffa009ff2663cc8ca29e56bcec031c044609d4bafaa4f884132a413101ce84"
            ],
            "index": "pypi",
            "version": "==0.5.1"
        },
        "configparser": {
            "hashes": [
                "sha256:af3c618a67aaaedc4d689fd7317d238f566b9aa03cae50102e92d7f0dfe78ba0",
                "sha256:f46d52a12811c637104c6bb8eb33693be0038ab6bf01d69aae009c39ec8c2017"
            ],
            "index": "pypi",
            "markers": "python_version >= '3.8'",
            "version": "==7.0.0"
        },
        "pytube": {
            "hashes": [
                "sha256:076052efe76f390dfa24b1194ff821d4e86c17d41cb5562f3a276a8bcbfc9d1d",
                "sha256:07b9904749e213485780d7eb606e5e5b8e4341aa4dccf699160876da00e12d78"
            ],
            "index": "pypi",
            "markers": "python_version >= '3.7'",
            "version": "==15.0.0"
        }
    },
    "develop": {}
}
